
Microsoft Visual Studio Solution File, Format Version 12.00
# Visual Studio Version 17
VisualStudioVersion = 17.13.35818.85 d17.13
MinimumVisualStudioVersion = 10.0.40219.1
Project("{FAE04EC0-301F-11D3-BF4B-00C04F79EFBC}") = "CoCall.API", "CoCall.API\CoCall.API.csproj", "{EE078A83-BF4D-41BB-9640-E132AC1A8313}"
EndProject
Project("{FAE04EC0-301F-11D3-BF4B-00C04F79EFBC}") = "CoCall.Data", "CoCall.Data\CoCall.Data.csproj", "{C0DAAB13-34A9-4900-8B10-105FE21541B4}"
EndProject
Project("{FAE04EC0-301F-11D3-BF4B-00C04F79EFBC}") = "CoCall.Business", "CoCall.Business\CoCall.Business.csproj", "{88242589-8448-4F5B-B841-E2EDD71F9E82}"
EndProject
Project("{54A90642-561A-4BB1-A94E-469ADEE60C69}") = "CoCall.UI", "CoCall.UI\CoCall.UI.esproj", "{140F8E3B-1CD1-D822-215C-409AA7EF758B}"
EndProject
Global
	GlobalSection(SolutionConfigurationPlatforms) = preSolution
		Debug|Any CPU = Debug|Any CPU
		Release|Any CPU = Release|Any CPU
	EndGlobalSection
	GlobalSection(ProjectConfigurationPlatforms) = postSolution
		{EE078A83-BF4D-41BB-9640-E132AC1A8313}.Debug|Any CPU.ActiveCfg = Debug|Any CPU
		{EE078A83-BF4D-41BB-9640-E132AC1A8313}.Debug|Any CPU.Build.0 = Debug|Any CPU
		{EE078A83-BF4D-41BB-9640-E132AC1A8313}.Release|Any CPU.ActiveCfg = Release|Any CPU
		{EE078A83-BF4D-41BB-9640-E132AC1A8313}.Release|Any CPU.Build.0 = Release|Any CPU
		{C0DAAB13-34A9-4900-8B10-105FE21541B4}.Debug|Any CPU.ActiveCfg = Debug|Any CPU
		{C0DAAB13-34A9-4900-8B10-105FE21541B4}.Debug|Any CPU.Build.0 = Debug|Any CPU
		{C0DAAB13-34A9-4900-8B10-105FE21541B4}.Release|Any CPU.ActiveCfg = Release|Any CPU
		{C0DAAB13-34A9-4900-8B10-105FE21541B4}.Release|Any CPU.Build.0 = Release|Any CPU
		{88242589-8448-4F5B-B841-E2EDD71F9E82}.Debug|Any CPU.ActiveCfg = Debug|Any CPU
		{88242589-8448-4F5B-B841-E2EDD71F9E82}.Debug|Any CPU.Build.0 = Debug|Any CPU
		{88242589-8448-4F5B-B841-E2EDD71F9E82}.Release|Any CPU.ActiveCfg = Release|Any CPU
		{88242589-8448-4F5B-B841-E2EDD71F9E82}.Release|Any CPU.Build.0 = Release|Any CPU
		{140F8E3B-1CD1-D822-215C-409AA7EF758B}.Debug|Any CPU.ActiveCfg = Debug|Any CPU
		{140F8E3B-1CD1-D822-215C-409AA7EF758B}.Debug|Any CPU.Build.0 = Debug|Any CPU
		{140F8E3B-1CD1-D822-215C-409AA7EF758B}.Debug|Any CPU.Deploy.0 = Debug|Any CPU
		{140F8E3B-1CD1-D822-215C-409AA7EF758B}.Release|Any CPU.ActiveCfg = Release|Any CPU
		{140F8E3B-1CD1-D822-215C-409AA7EF758B}.Release|Any CPU.Build.0 = Release|Any CPU
		{140F8E3B-1CD1-D822-215C-409AA7EF758B}.Release|Any CPU.Deploy.0 = Release|Any CPU
	EndGlobalSection
	GlobalSection(SolutionProperties) = preSolution
		HideSolutionNode = FALSE
	EndGlobalSection
	GlobalSection(ExtensibilityGlobals) = postSolution
		SolutionGuid = {DFCDBC1A-8E1F-4802-8293-B9607D6C7419}
	EndGlobalSection
EndGlobal
